// !$*UTF8*$!
{
	archiveVersion = 1;
	classes = {
	};
	objectVersion = 50;
	objects = {

/* Begin PBXBuildFile section */
		10A5330B20F93100004B4E7D /* GoogleService-Info.plist in Resources */ = {isa = PBXBuildFile; fileRef = 10A5330A20F930FF004B4E7D /* GoogleService-Info.plist */; };
		10A5330D20F93225004B4E7D /* Profile.swift in Sources */ = {isa = PBXBuildFile; fileRef = 10A5330C20F93225004B4E7D /* Profile.swift */; };
		10A5330F20F932B4004B4E7D /* ProfileListCell.swift in Sources */ = {isa = PBXBuildFile; fileRef = 10A5330E20F932B4004B4E7D /* ProfileListCell.swift */; };
		10A5331120F976FA004B4E7D /* ProfileDetailsVC.swift in Sources */ = {isa = PBXBuildFile; fileRef = 10A5331020F976FA004B4E7D /* ProfileDetailsVC.swift */; };
		10A5331320F97A58004B4E7D /* Extensions.swift in Sources */ = {isa = PBXBuildFile; fileRef = 10A5331220F97A58004B4E7D /* Extensions.swift */; };
		10A5331520F97C51004B4E7D /* AddProfileVC.swift in Sources */ = {isa = PBXBuildFile; fileRef = 10A5331420F97C51004B4E7D /* AddProfileVC.swift */; };
		10AF0A5220F9302800A31BC9 /* AppDelegate.swift in Sources */ = {isa = PBXBuildFile; fileRef = 10AF0A5120F9302700A31BC9 /* AppDelegate.swift */; };
		10AF0A5420F9302800A31BC9 /* ProfileListVC.swift in Sources */ = {isa = PBXBuildFile; fileRef = 10AF0A5320F9302800A31BC9 /* ProfileListVC.swift */; };
		10AF0A5720F9302800A31BC9 /* Main.storyboard in Resources */ = {isa = PBXBuildFile; fileRef = 10AF0A5520F9302800A31BC9 /* Main.storyboard */; };
		10AF0A5920F9302900A31BC9 /* Assets.xcassets in Resources */ = {isa = PBXBuildFile; fileRef = 10AF0A5820F9302900A31BC9 /* Assets.xcassets */; };
		10AF0A5C20F9302900A31BC9 /* LaunchScreen.storyboard in Resources */ = {isa = PBXBuildFile; fileRef = 10AF0A5A20F9302900A31BC9 /* LaunchScreen.storyboard */; };
		482AD40F1D74391FF78ED643 /* Pods_profiles.framework in Frameworks */ = {isa = PBXBuildFile; fileRef = D6B362C62C7C9A135FFF57AF /* Pods_profiles.framework */; };
/* End PBXBuildFile section */

/* Begin PBXFileReference section */
		10A5330A20F930FF004B4E7D /* GoogleService-Info.plist */ = {isa = PBXFileReference; fileEncoding = 4; lastKnownFileType = text.plist.xml; path = "GoogleService-Info.plist"; sourceTree = "<group>"; };
		10A5330C20F93225004B4E7D /* Profile.swift */ = {isa = PBXFileReference; lastKnownFileType = sourcecode.swift; path = Profile.swift; sourceTree = "<group>"; };
		10A5330E20F932B4004B4E7D /* ProfileListCell.swift */ = {isa = PBXFileReference; lastKnownFileType = sourcecode.swift; path = ProfileListCell.swift; sourceTree = "<group>"; };
		10A5331020F976FA004B4E7D /* ProfileDetailsVC.swift */ = {isa = PBXFileReference; lastKnownFileType = sourcecode.swift; path = ProfileDetailsVC.swift; sourceTree = "<group>"; };
		10A5331220F97A58004B4E7D /* Extensions.swift */ = {isa = PBXFileReference; lastKnownFileType = sourcecode.swift; path = Extensions.swift; sourceTree = "<group>"; };
		10A5331420F97C51004B4E7D /* AddProfileVC.swift */ = {isa = PBXFileReference; lastKnownFileType = sourcecode.swift; path = AddProfileVC.swift; sourceTree = "<group>"; };
		10AF0A4E20F9302700A31BC9 /* profiles.app */ = {isa = PBXFileReference; explicitFileType = wrapper.application; includeInIndex = 0; path = profiles.app; sourceTree = BUILT_PRODUCTS_DIR; };
		10AF0A5120F9302700A31BC9 /* AppDelegate.swift */ = {isa = PBXFileReference; lastKnownFileType = sourcecode.swift; path = AppDelegate.swift; sourceTree = "<group>"; };
		10AF0A5320F9302800A31BC9 /* ProfileListVC.swift */ = {isa = PBXFileReference; lastKnownFileType = sourcecode.swift; path = ProfileListVC.swift; sourceTree = "<group>"; };
		10AF0A5620F9302800A31BC9 /* Base */ = {isa = PBXFileReference; lastKnownFileType = file.storyboard; name = Base; path = Base.lproj/Main.storyboard; sourceTree = "<group>"; };
		10AF0A5820F9302900A31BC9 /* Assets.xcassets */ = {isa = PBXFileReference; lastKnownFileType = folder.assetcatalog; path = Assets.xcassets; sourceTree = "<group>"; };
		10AF0A5B20F9302900A31BC9 /* Base */ = {isa = PBXFileReference; lastKnownFileType = file.storyboard; name = Base; path = Base.lproj/LaunchScreen.storyboard; sourceTree = "<group>"; };
		10AF0A5D20F9302900A31BC9 /* Info.plist */ = {isa = PBXFileReference; lastKnownFileType = text.plist.xml; path = Info.plist; sourceTree = "<group>"; };
		34FE7D32E2B4898160B67E2D /* Pods-profiles.debug.xcconfig */ = {isa = PBXFileReference; includeInIndex = 1; lastKnownFileType = text.xcconfig; name = "Pods-profiles.debug.xcconfig"; path = "Pods/Target Support Files/Pods-profiles/Pods-profiles.debug.xcconfig"; sourceTree = "<group>"; };
		6A4A306798DD71C41347DA32 /* Pods-profiles.release.xcconfig */ = {isa = PBXFileReference; includeInIndex = 1; lastKnownFileType = text.xcconfig; name = "Pods-profiles.release.xcconfig"; path = "Pods/Target Support Files/Pods-profiles/Pods-profiles.release.xcconfig"; sourceTree = "<group>"; };
		D6B362C62C7C9A135FFF57AF /* Pods_profiles.framework */ = {isa = PBXFileReference; explicitFileType = wrapper.framework; includeInIndex = 0; path = Pods_profiles.framework; sourceTree = BUILT_PRODUCTS_DIR; };
/* End PBXFileReference section */

/* Begin PBXFrameworksBuildPhase section */
		10AF0A4B20F9302700A31BC9 /* Frameworks */ = {
			isa = PBXFrameworksBuildPhase;
			buildActionMask = 2147483647;
			files = (
				482AD40F1D74391FF78ED643 /* Pods_profiles.framework in Frameworks */,
			);
			runOnlyForDeploymentPostprocessing = 0;
		};
/* End PBXFrameworksBuildPhase section */

/* Begin PBXGroup section */
		10878F1420FBDD8100D01A69 /* Models */ = {
			isa = PBXGroup;
			children = (
				10A5330C20F93225004B4E7D /* Profile.swift */,
			);
			path = Models;
			sourceTree = "<group>";
		};
		10878F1520FBDD9100D01A69 /* Views */ = {
			isa = PBXGroup;
			children = (
				10A5330E20F932B4004B4E7D /* ProfileListCell.swift */,
			);
			path = Views;
			sourceTree = "<group>";
		};
		10878F1620FBDD9900D01A69 /* Controllers */ = {
			isa = PBXGroup;
			children = (
				10AF0A5320F9302800A31BC9 /* ProfileListVC.swift */,
				10A5331020F976FA004B4E7D /* ProfileDetailsVC.swift */,
				10A5331420F97C51004B4E7D /* AddProfileVC.swift */,
			);
			path = Controllers;
			sourceTree = "<group>";
		};
		10878F1720FBDDBE00D01A69 /* Utility */ = {
			isa = PBXGroup;
			children = (
				10A5331220F97A58004B4E7D /* Extensions.swift */,
			);
			path = Utility;
			sourceTree = "<group>";
		};
		10878F1820FBDE0B00D01A69 /* Storyboards */ = {
			isa = PBXGroup;
			children = (
				10AF0A5A20F9302900A31BC9 /* LaunchScreen.storyboard */,
				10AF0A5520F9302800A31BC9 /* Main.storyboard */,
			);
			path = Storyboards;
			sourceTree = "<group>";
		};
		10AF0A4520F9302700A31BC9 = {
			isa = PBXGroup;
			children = (
				10AF0A5020F9302700A31BC9 /* profiles */,
				10AF0A4F20F9302700A31BC9 /* Products */,
				81DB40274DF1B8A866C5E953 /* Pods */,
				47500E794ADE12E4AFD050E7 /* Frameworks */,
			);
			sourceTree = "<group>";
		};
		10AF0A4F20F9302700A31BC9 /* Products */ = {
			isa = PBXGroup;
			children = (
				10AF0A4E20F9302700A31BC9 /* profiles.app */,
			);
			name = Products;
			sourceTree = "<group>";
		};
		10AF0A5020F9302700A31BC9 /* profiles */ = {
			isa = PBXGroup;
			children = (
				10878F1420FBDD8100D01A69 /* Models */,
				10878F1520FBDD9100D01A69 /* Views */,
				10878F1620FBDD9900D01A69 /* Controllers */,
				10878F1820FBDE0B00D01A69 /* Storyboards */,
				10878F1720FBDDBE00D01A69 /* Utility */,
				10AF0A5120F9302700A31BC9 /* AppDelegate.swift */,
				10AF0A5820F9302900A31BC9 /* Assets.xcassets */,
				10AF0A5D20F9302900A31BC9 /* Info.plist */,
				10A5330A20F930FF004B4E7D /* GoogleService-Info.plist */,
			);
			path = profiles;
			sourceTree = "<group>";
		};
		47500E794ADE12E4AFD050E7 /* Frameworks */ = {
			isa = PBXGroup;
			children = (
				D6B362C62C7C9A135FFF57AF /* Pods_profiles.framework */,
			);
			name = Frameworks;
			sourceTree = "<group>";
		};
		81DB40274DF1B8A866C5E953 /* Pods */ = {
			isa = PBXGroup;
			children = (
				34FE7D32E2B4898160B67E2D /* Pods-profiles.debug.xcconfig */,
				6A4A306798DD71C41347DA32 /* Pods-profiles.release.xcconfig */,
			);
			name = Pods;
			sourceTree = "<group>";
		};
/* End PBXGroup section */

/* Begin PBXNativeTarget section */
		10AF0A4D20F9302700A31BC9 /* profiles */ = {
			isa = PBXNativeTarget;
			buildConfigurationList = 10AF0A6020F9302900A31BC9 /* Build configuration list for PBXNativeTarget "profiles" */;
			buildPhases = (
				C8A18A236A01834823DE0521 /* [CP] Check Pods Manifest.lock */,
				10AF0A4A20F9302700A31BC9 /* Sources */,
				10AF0A4B20F9302700A31BC9 /* Frameworks */,
				10AF0A4C20F9302700A31BC9 /* Resources */,
				BAB4553B654947314D8BE785 /* [CP] Embed Pods Frameworks */,
				4AFBE0DC4060E449207B2A83 /* [CP] Copy Pods Resources */,
			);
			buildRules = (
			);
			dependencies = (
			);
			name = profiles;
			productName = profiles;
			productReference = 10AF0A4E20F9302700A31BC9 /* profiles.app */;
			productType = "com.apple.product-type.application";
		};
/* End PBXNativeTarget section */

/* Begin PBXProject section */
		10AF0A4620F9302700A31BC9 /* Project object */ = {
			isa = PBXProject;
			attributes = {
				LastSwiftUpdateCheck = 1000;
				LastUpgradeCheck = 1000;
				ORGANIZATIONNAME = "Joshua Gilstrap";
				TargetAttributes = {
					10AF0A4D20F9302700A31BC9 = {
						CreatedOnToolsVersion = 10.0;
					};
				};
			};
			buildConfigurationList = 10AF0A4920F9302700A31BC9 /* Build configuration list for PBXProject "profiles" */;
			compatibilityVersion = "Xcode 9.3";
			developmentRegion = en;
			hasScannedForEncodings = 0;
			knownRegions = (
				en,
				Base,
			);
			mainGroup = 10AF0A4520F9302700A31BC9;
			productRefGroup = 10AF0A4F20F9302700A31BC9 /* Products */;
			projectDirPath = "";
			projectRoot = "";
			targets = (
				10AF0A4D20F9302700A31BC9 /* profiles */,
			);
		};
/* End PBXProject section */

/* Begin PBXResourcesBuildPhase section */
		10AF0A4C20F9302700A31BC9 /* Resources */ = {
			isa = PBXResourcesBuildPhase;
			buildActionMask = 2147483647;
			files = (
				10AF0A5C20F9302900A31BC9 /* LaunchScreen.storyboard in Resources */,
				10A5330B20F93100004B4E7D /* GoogleService-Info.plist in Resources */,
				10AF0A5920F9302900A31BC9 /* Assets.xcassets in Resources */,
				10AF0A5720F9302800A31BC9 /* Main.storyboard in Resources */,
			);
			runOnlyForDeploymentPostprocessing = 0;
		};
/* End PBXResourcesBuildPhase section */

/* Begin PBXShellScriptBuildPhase section */
		4AFBE0DC4060E449207B2A83 /* [CP] Copy Pods Resources */ = {
			isa = PBXShellScriptBuildPhase;
			buildActionMask = 2147483647;
			files = (
			);
			inputPaths = (
			);
			name = "[CP] Copy Pods Resources";
			outputPaths = (
			);
			runOnlyForDeploymentPostprocessing = 0;
			shellPath = /bin/sh;
			shellScript = "\"${SRCROOT}/Pods/Target Support Files/Pods-profiles/Pods-profiles-resources.sh\"\n";
			showEnvVarsInLog = 0;
		};
		BAB4553B654947314D8BE785 /* [CP] Embed Pods Frameworks */ = {
			isa = PBXShellScriptBuildPhase;
			buildActionMask = 2147483647;
			files = (
			);
			inputPaths = (
				"${SRCROOT}/Pods/Target Support Files/Pods-profiles/Pods-profiles-frameworks.sh",
				"${BUILT_PRODUCTS_DIR}/GoogleToolboxForMac/GoogleToolboxForMac.framework",
				"${BUILT_PRODUCTS_DIR}/leveldb-library/leveldb.framework",
				"${BUILT_PRODUCTS_DIR}/nanopb/nanopb.framework",
			);
			name = "[CP] Embed Pods Frameworks";
			outputPaths = (
				"${TARGET_BUILD_DIR}/${FRAMEWORKS_FOLDER_PATH}/GoogleToolboxForMac.framework",
				"${TARGET_BUILD_DIR}/${FRAMEWORKS_FOLDER_PATH}/leveldb.framework",
				"${TARGET_BUILD_DIR}/${FRAMEWORKS_FOLDER_PATH}/nanopb.framework",
			);
			runOnlyForDeploymentPostprocessing = 0;
			shellPath = /bin/sh;
			shellScript = "\"${SRCROOT}/Pods/Target Support Files/Pods-profiles/Pods-profiles-frameworks.sh\"\n";
			showEnvVarsInLog = 0;
		};
		C8A18A236A01834823DE0521 /* [CP] Check Pods Manifest.lock */ = {
			isa = PBXShellScriptBuildPhase;
			buildActionMask = 2147483647;
			files = (
			);
			inputPaths = (
				"${PODS_PODFILE_DIR_PATH}/Podfile.lock",
				"${PODS_ROOT}/Manifest.lock",
			);
			name = "[CP] Check Pods Manifest.lock";
			outputPaths = (
				"$(DERIVED_FILE_DIR)/Pods-profiles-checkManifestLockResult.txt",
			);
			runOnlyForDeploymentPostprocessing = 0;
			shellPath = /bin/sh;
			shellScript = "diff \"${PODS_PODFILE_DIR_PATH}/Podfile.lock\" \"${PODS_ROOT}/Manifest.lock\" > /dev/null\nif [ $? != 0 ] ; then\n    # print error to STDERR\n    echo \"error: The sandbox is not in sync with the Podfile.lock. Run 'pod install' or update your CocoaPods installation.\" >&2\n    exit 1\nfi\n# This output is used by Xcode 'outputs' to avoid re-running this script phase.\necho \"SUCCESS\" > \"${SCRIPT_OUTPUT_FILE_0}\"\n";
			showEnvVarsInLog = 0;
		};
/* End PBXShellScriptBuildPhase section */

/* Begin PBXSourcesBuildPhase section */
		10AF0A4A20F9302700A31BC9 /* Sources */ = {
			isa = PBXSourcesBuildPhase;
			buildActionMask = 2147483647;
			files = (
				10A5331520F97C51004B4E7D /* AddProfileVC.swift in Sources */,
				10AF0A5420F9302800A31BC9 /* ProfileListVC.swift in Sources */,
				10A5331320F97A58004B4E7D /* Extensions.swift in Sources */,
				10A5331120F976FA004B4E7D /* ProfileDetailsVC.swift in Sources */,
				10A5330F20F932B4004B4E7D /* ProfileListCell.swift in Sources */,
				10A5330D20F93225004B4E7D /* Profile.swift in Sources */,
				10AF0A5220F9302800A31BC9 /* AppDelegate.swift in Sources */,
			);
			runOnlyForDeploymentPostprocessing = 0;
		};
/* End PBXSourcesBuildPhase section */

/* Begin PBXVariantGroup section */
		10AF0A5520F9302800A31BC9 /* Main.storyboard */ = {
			isa = PBXVariantGroup;
			children = (
				10AF0A5620F9302800A31BC9 /* Base */,
			);
			name = Main.storyboard;
			sourceTree = "<group>";
		};
		10AF0A5A20F9302900A31BC9 /* LaunchScreen.storyboard */ = {
			isa = PBXVariantGroup;
			children = (
				10AF0A5B20F9302900A31BC9 /* Base */,
			);
			name = LaunchScreen.storyboard;
			sourceTree = "<group>";
		};
/* End PBXVariantGroup section */

/* Begin XCBuildConfiguration section */
		10AF0A5E20F9302900A31BC9 /* Debug */ = {
			isa = XCBuildConfiguration;
			buildSettings = {
				ALWAYS_SEARCH_USER_PATHS = NO;
				CLANG_ANALYZER_NONNULL = YES;
				CLANG_ANALYZER_NUMBER_OBJECT_CONVERSION = YES_AGGRESSIVE;
				CLANG_CXX_LANGUAGE_STANDARD = "gnu++14";
				CLANG_CXX_LIBRARY = "libc++";
				CLANG_ENABLE_MODULES = YES;
				CLANG_ENABLE_OBJC_ARC = YES;
				CLANG_ENABLE_OBJC_WEAK = YES;
				CLANG_WARN_BLOCK_CAPTURE_AUTORELEASING = YES;
				CLANG_WARN_BOOL_CONVERSION = YES;
				CLANG_WARN_COMMA = YES;
				CLANG_WARN_CONSTANT_CONVERSION = YES;
				CLANG_WARN_DEPRECATED_OBJC_IMPLEMENTATIONS = YES;
				CLANG_WARN_DIRECT_OBJC_ISA_USAGE = YES_ERROR;
				CLANG_WARN_DOCUMENTATION_COMMENTS = YES;
				CLANG_WARN_EMPTY_BODY = YES;
				CLANG_WARN_ENUM_CONVERSION = YES;
				CLANG_WARN_INFINITE_RECURSION = YES;
				CLANG_WARN_INT_CONVERSION = YES;
				CLANG_WARN_NON_LITERAL_NULL_CONVERSION = YES;
				CLANG_WARN_OBJC_IMPLICIT_RETAIN_SELF = YES;
				CLANG_WARN_OBJC_LITERAL_CONVERSION = YES;
				CLANG_WARN_OBJC_ROOT_CLASS = YES_ERROR;
				CLANG_WARN_RANGE_LOOP_ANALYSIS = YES;
				CLANG_WARN_STRICT_PROTOTYPES = YES;
				CLANG_WARN_SUSPICIOUS_MOVE = YES;
				CLANG_WARN_UNGUARDED_AVAILABILITY = YES_AGGRESSIVE;
				CLANG_WARN_UNREACHABLE_CODE = YES;
				CLANG_WARN__DUPLICATE_METHOD_MATCH = YES;
				CODE_SIGN_IDENTITY = "iPhone Developer";
				COPY_PHASE_STRIP = NO;
				DEBUG_INFORMATION_FORMAT = dwarf;
				ENABLE_STRICT_OBJC_MSGSEND = YES;
				ENABLE_TESTABILITY = YES;
				GCC_C_LANGUAGE_STANDARD = gnu11;
				GCC_DYNAMIC_NO_PIC = NO;
				GCC_NO_COMMON_BLOCKS = YES;
				GCC_OPTIMIZATION_LEVEL = 0;
				GCC_PREPROCESSOR_DEFINITIONS = (
					"DEBUG=1",
					"$(inherited)",
				);
				GCC_WARN_64_TO_32_BIT_CONVERSION = YES;
				GCC_WARN_ABOUT_RETURN_TYPE = YES_ERROR;
				GCC_WARN_UNDECLARED_SELECTOR = YES;
				GCC_WARN_UNINITIALIZED_AUTOS = YES_AGGRESSIVE;
				GCC_WARN_UNUSED_FUNCTION = YES;
				GCC_WARN_UNUSED_VARIABLE = YES;
				IPHONEOS_DEPLOYMENT_TARGET = 12.0;
				MTL_ENABLE_DEBUG_INFO = INCLUDE_SOURCE;
				ONLY_ACTIVE_ARCH = YES;
				SDKROOT = iphoneos;
				SWIFT_ACTIVE_COMPILATION_CONDITIONS = DEBUG;
				SWIFT_OPTIMIZATION_LEVEL = "-Onone";
			};
			name = Debug;
		};
		10AF0A5F20F9302900A31BC9 /* Release */ = {
			isa = XCBuildConfiguration;
			buildSettings = {
				ALWAYS_SEARCH_USER_PATHS = NO;
				CLANG_ANALYZER_NONNULL = YES;
				CLANG_ANALYZER_NUMBER_OBJECT_CONVERSION = YES_AGGRESSIVE;
				CLANG_CXX_LANGUAGE_STANDARD = "gnu++14";
				CLANG_CXX_LIBRARY = "libc++";
				CLANG_ENABLE_MODULES = YES;
				CLANG_ENABLE_OBJC_ARC = YES;
				CLANG_ENABLE_OBJC_WEAK = YES;
				CLANG_WARN_BLOCK_CAPTURE_AUTORELEASING = YES;
				CLANG_WARN_BOOL_CONVERSION = YES;
				CLANG_WARN_COMMA = YES;
				CLANG_WARN_CONSTANT_CONVERSION = YES;
				CLANG_WARN_DEPRECATED_OBJC_IMPLEMENTATIONS = YES;
				CLANG_WARN_DIRECT_OBJC_ISA_USAGE = YES_ERROR;
				CLANG_WARN_DOCUMENTATION_COMMENTS = YES;
				CLANG_WARN_EMPTY_BODY = YES;
				CLANG_WARN_ENUM_CONVERSION = YES;
				CLANG_WARN_INFINITE_RECURSION = YES;
				CLANG_WARN_INT_CONVERSION = YES;
				CLANG_WARN_NON_LITERAL_NULL_CONVERSION = YES;
				CLANG_WARN_OBJC_IMPLICIT_RETAIN_SELF = YES;
				CLANG_WARN_OBJC_LITERAL_CONVERSION = YES;
				CLANG_WARN_OBJC_ROOT_CLASS = YES_ERROR;
				CLANG_WARN_RANGE_LOOP_ANALYSIS = YES;
				CLANG_WARN_STRICT_PROTOTYPES = YES;
				CLANG_WARN_SUSPICIOUS_MOVE = YES;
				CLANG_WARN_UNGUARDED_AVAILABILITY = YES_AGGRESSIVE;
				CLANG_WARN_UNREACHABLE_CODE = YES;
				CLANG_WARN__DUPLICATE_METHOD_MATCH = YES;
				CODE_SIGN_IDENTITY = "iPhone Developer";
				COPY_PHASE_STRIP = NO;
				DEBUG_INFORMATION_FORMAT = "dwarf-with-dsym";
				ENABLE_NS_ASSERTIONS = NO;
				ENABLE_STRICT_OBJC_MSGSEND = YES;
				GCC_C_LANGUAGE_STANDARD = gnu11;
				GCC_NO_COMMON_BLOCKS = YES;
				GCC_WARN_64_TO_32_BIT_CONVERSION = YES;
				GCC_WARN_ABOUT_RETURN_TYPE = YES_ERROR;
				GCC_WARN_UNDECLARED_SELECTOR = YES;
				GCC_WARN_UNINITIALIZED_AUTOS = YES_AGGRESSIVE;
				GCC_WARN_UNUSED_FUNCTION = YES;
				GCC_WARN_UNUSED_VARIABLE = YES;
				IPHONEOS_DEPLOYMENT_TARGET = 12.0;
				MTL_ENABLE_DEBUG_INFO = NO;
				SDKROOT = iphoneos;
				SWIFT_COMPILATION_MODE = wholemodule;
				SWIFT_OPTIMIZATION_LEVEL = "-O";
				VALIDATE_PRODUCT = YES;
			};
			name = Release;
		};
		10AF0A6120F9302900A31BC9 /* Debug */ = {
			isa = XCBuildConfiguration;
			baseConfigurationReference = 34FE7D32E2B4898160B67E2D /* Pods-profiles.debug.xcconfig */;
			buildSettings = {
				ASSETCATALOG_COMPILER_APPICON_NAME = AppIcon;
				CODE_SIGN_STYLE = Automatic;
				DEVELOPMENT_TEAM = 9Y5KRUX3GR;
				INFOPLIST_FILE = profiles/Info.plist;
				LD_RUNPATH_SEARCH_PATHS = (
					"$(inherited)",
					"@executable_path/Frameworks",
				);
				PRODUCT_BUNDLE_IDENTIFIER = com.joshuagilstrap.profiles;
				PRODUCT_NAME = "$(TARGET_NAME)";
				SWIFT_VERSION = 4.2;
				TARGETED_DEVICE_FAMILY = "1,2";
			};
			name = Debug;
		};
		10AF0A6220F9302900A31BC9 /* Release */ = {
			isa = XCBuildConfiguration;
			baseConfigurationReference = 6A4A306798DD71C41347DA32 /* Pods-profiles.release.xcconfig */;
			buildSettings = {
				ASSETCATALOG_COMPILER_APPICON_NAME = AppIcon;
				CODE_SIGN_STYLE = Automatic;
				DEVELOPMENT_TEAM = 9Y5KRUX3GR;
				INFOPLIST_FILE = profiles/Info.plist;
				LD_RUNPATH_SEARCH_PATHS = (
					"$(inherited)",
					"@executable_path/Frameworks",
				);
				PRODUCT_BUNDLE_IDENTIFIER = com.joshuagilstrap.profiles;
				PRODUCT_NAME = "$(TARGET_NAME)";
				SWIFT_VERSION = 4.2;
				TARGETED_DEVICE_FAMILY = "1,2";
			};
			name = Release;
		};
/* End XCBuildConfiguration section */

/* Begin XCConfigurationList section */
		10AF0A4920F9302700A31BC9 /* Build configuration list for PBXProject "profiles" */ = {
			isa = XCConfigurationList;
			buildConfigurations = (
				10AF0A5E20F9302900A31BC9 /* Debug */,
				10AF0A5F20F9302900A31BC9 /* Release */,
			);
			defaultConfigurationIsVisible = 0;
			defaultConfigurationName = Release;
		};
		10AF0A6020F9302900A31BC9 /* Build configuration list for PBXNativeTarget "profiles" */ = {
			isa = XCConfigurationList;
			buildConfigurations = (
				10AF0A6120F9302900A31BC9 /* Debug */,
				10AF0A6220F9302900A31BC9 /* Release */,
			);
			defaultConfigurationIsVisible = 0;
			defaultConfigurationName = Release;
		};
/* End XCConfigurationList section */
	};
	rootObject = 10AF0A4620F9302700A31BC9 /* Project object */;
}
